
Microsoft Visual Studio Solution File, Format Version 12.00
# Visual Studio Version 17
VisualStudioVersion = 17.11.35312.102
MinimumVisualStudioVersion = 10.0.40219.1
Project("{9A19103F-16F7-4668-BE54-9A1E7A4F7556}") = "Laba4", "Laba4.csproj", "{0F557A82-C11A-4832-B0C4-C9E509B81CA4}"
EndProject
Global
	GlobalSection(SolutionConfigurationPlatforms) = preSolution
		Debug|Any CPU = Debug|Any CPU
		Release|Any CPU = Release|Any CPU
	EndGlobalSection
	GlobalSection(ProjectConfigurationPlatforms) = postSolution
		{0F557A82-C11A-4832-B0C4-C9E509B81CA4}.Debug|Any CPU.ActiveCfg = Debug|Any CPU
		{0F557A82-C11A-4832-B0C4-C9E509B81CA4}.Debug|Any CPU.Build.0 = Debug|Any CPU
		{0F557A82-C11A-4832-B0C4-C9E509B81CA4}.Release|Any CPU.ActiveCfg = Release|Any CPU
		{0F557A82-C11A-4832-B0C4-C9E509B81CA4}.Release|Any CPU.Build.0 = Release|Any CPU
	EndGlobalSection
	GlobalSection(SolutionProperties) = preSolution
		HideSolutionNode = FALSE
	EndGlobalSection
	GlobalSection(ExtensibilityGlobals) = postSolution
		SolutionGuid = {F0E3D3FA-3067-4671-ADE7-BC68D00A66B0}
	EndGlobalSection
EndGlobal
